
Microsoft Visual Studio Solution File, Format Version 12.00
# Visual Studio 15
VisualStudioVersion = 15.0.26430.14
MinimumVisualStudioVersion = 10.0.40219.1
Project("{FAE04EC0-301F-11D3-BF4B-00C04F79EFBC}") = "Monitor", "WindowsFormsApplication1\Monitor.csproj", "{B5F4BF84-29D6-45E6-9888-C00C4A97FD9B}"
EndProject
Project("{54435603-DBB4-11D2-8724-00A0C9A8B90C}") = "SASM", "SASM\SASM.vdproj", "{83DF9C43-497A-42D5-B6AD-5ABA9EB8466E}"
EndProject
Global
	GlobalSection(SolutionConfigurationPlatforms) = preSolution
		Debug|Any CPU = Debug|Any CPU
		Debug|x64 = Debug|x64
		Debug|x86 = Debug|x86
		Release|Any CPU = Release|Any CPU
		Release|x64 = Release|x64
		Release|x86 = Release|x86
	EndGlobalSection
	GlobalSection(ProjectConfigurationPlatforms) = postSolution
		{B5F4BF84-29D6-45E6-9888-C00C4A97FD9B}.Debug|Any CPU.ActiveCfg = Debug|Any CPU
		{B5F4BF84-29D6-45E6-9888-C00C4A97FD9B}.Debug|Any CPU.Build.0 = Debug|Any CPU
		{B5F4BF84-29D6-45E6-9888-C00C4A97FD9B}.Debug|x64.ActiveCfg = Debug|x64
		{B5F4BF84-29D6-45E6-9888-C00C4A97FD9B}.Debug|x64.Build.0 = Debug|x64
		{B5F4BF84-29D6-45E6-9888-C00C4A97FD9B}.Debug|x86.ActiveCfg = Release|x86
		{B5F4BF84-29D6-45E6-9888-C00C4A97FD9B}.Debug|x86.Build.0 = Release|x86
		{B5F4BF84-29D6-45E6-9888-C00C4A97FD9B}.Release|Any CPU.ActiveCfg = Release|x86
		{B5F4BF84-29D6-45E6-9888-C00C4A97FD9B}.Release|Any CPU.Build.0 = Release|x86
		{B5F4BF84-29D6-45E6-9888-C00C4A97FD9B}.Release|x64.ActiveCfg = Release|x64
		{B5F4BF84-29D6-45E6-9888-C00C4A97FD9B}.Release|x64.Build.0 = Release|x64
		{B5F4BF84-29D6-45E6-9888-C00C4A97FD9B}.Release|x86.ActiveCfg = Release|x86
		{B5F4BF84-29D6-45E6-9888-C00C4A97FD9B}.Release|x86.Build.0 = Release|x86
		{83DF9C43-497A-42D5-B6AD-5ABA9EB8466E}.Debug|Any CPU.ActiveCfg = Debug
		{83DF9C43-497A-42D5-B6AD-5ABA9EB8466E}.Debug|x64.ActiveCfg = Debug
		{83DF9C43-497A-42D5-B6AD-5ABA9EB8466E}.Debug|x86.ActiveCfg = Release
		{83DF9C43-497A-42D5-B6AD-5ABA9EB8466E}.Debug|x86.Build.0 = Release
		{83DF9C43-497A-42D5-B6AD-5ABA9EB8466E}.Release|Any CPU.ActiveCfg = Release
		{83DF9C43-497A-42D5-B6AD-5ABA9EB8466E}.Release|Any CPU.Build.0 = Release
		{83DF9C43-497A-42D5-B6AD-5ABA9EB8466E}.Release|x64.ActiveCfg = Release
		{83DF9C43-497A-42D5-B6AD-5ABA9EB8466E}.Release|x86.ActiveCfg = Release
		{83DF9C43-497A-42D5-B6AD-5ABA9EB8466E}.Release|x86.Build.0 = Release
	EndGlobalSection
	GlobalSection(SolutionProperties) = preSolution
		HideSolutionNode = FALSE
	EndGlobalSection
EndGlobal
